{
    "_readme": [
        "This file locks the dependencies of your project to a known state",
        "Read more about it at https://getcomposer.org/doc/01-basic-usage.md#installing-dependencies",
        "This file is @generated automatically"
    ],
    "content-hash": "ce4cc574ea311861fae53c2940157a4e",
    "packages": [
        {
            "name": "spencer14420/sp-php-email-handler",
            "version": "1.0.0-alpha3",
            "source": {
                "type": "git",
                "url": "https://github.com/Spencer14420/SPEmailHandler-PHP.git",
                "reference": "bd28f5805633f942c3e48f5d8ac06241567c4f5a"
            },
            "dist": {
                "type": "zip",
                "url": "https://api.github.com/repos/Spencer14420/SPEmailHandler-PHP/zipball/bd28f5805633f942c3e48f5d8ac06241567c4f5a",
                "reference": "bd28f5805633f942c3e48f5d8ac06241567c4f5a",
                "shasum": ""
            },
            "type": "library",
            "autoload": {
                "psr-4": {
                    "spencer14420\\PhpEmailHandler\\": "src/"
                }
            },
            "notification-url": "https://packagist.org/downloads/",
            "license": [
                "MIT"
            ],
            "authors": [
                {
                    "name": "spencer14420"
                }
            ],
            "description": "A server-side PHP handler for contact forms. Handles form submissions, validates user inputs, sends emails to a mailbox, and sends confirmation emails to users.",
            "support": {
                "issues": "https://github.com/Spencer14420/SPEmailHandler-PHP/issues",
                "source": "https://github.com/Spencer14420/SPEmailHandler-PHP/tree/1.0.0-alpha3"
            },
            "time": "2024-11-12T22:11:43+00:00"
        }
    ],
    "packages-dev": [],
    "aliases": [],
    "minimum-stability": "alpha",
    "stability-flags": {
        "spencer14420/sp-php-email-handler": 15
    },
    "prefer-stable": false,
    "prefer-lowest": false,
    "platform": {},
    "platform-dev": {},
    "plugin-api-version": "2.6.0"
}
